
Microsoft Visual Studio Solution File, Format Version 12.00
# Visual Studio 15
VisualStudioVersion = 15.0.26228.4
MinimumVisualStudioVersion = 10.0.40219.1
Project("{2150E333-8FDC-42A3-9474-1A3956D46DE8}") = "SupportTicketing", "SupportTicketing", "{EE394A1A-5BAA-456A-AE2F-A6BAEF1A2A75}"
EndProject
Project("{2150E333-8FDC-42A3-9474-1A3956D46DE8}") = "Domain", "Domain", "{C70560DA-E827-47AC-AFD8-4A3F8A912E6B}"
EndProject
Project("{2150E333-8FDC-42A3-9474-1A3956D46DE8}") = "Application", "Application", "{F3BCA702-9D30-40F1-AF77-945A2F91F0F3}"
EndProject
Project("{2150E333-8FDC-42A3-9474-1A3956D46DE8}") = "Infrastructure", "Infrastructure", "{F5CDFC09-E097-4736-A82C-8E5315F65D49}"
EndProject
Project("{2150E333-8FDC-42A3-9474-1A3956D46DE8}") = "Framework", "Framework", "{D9580399-A81A-425C-ABFA-BF9B56F8DC93}"
EndProject
Project("{FAE04EC0-301F-11D3-BF4B-00C04F79EFBC}") = "Ticketing.Domain", "Ticketing.Domain\Ticketing.Domain.csproj", "{245E050E-97BC-49F0-ACD9-140B7D571400}"
EndProject
Project("{FAE04EC0-301F-11D3-BF4B-00C04F79EFBC}") = "Framework.Domain", "Framework.Domain\Framework.Domain.csproj", "{C412B00F-F59C-493A-9BBC-58074F8A07C1}"
EndProject
Project("{FAE04EC0-301F-11D3-BF4B-00C04F79EFBC}") = "Ticketing.Persistence.EF", "Ticketing.Persistence.EF\Ticketing.Persistence.EF.csproj", "{8153374B-2DBC-4605-9298-F50CF5BCD8FA}"
EndProject
Project("{FAE04EC0-301F-11D3-BF4B-00C04F79EFBC}") = "Ticketing.Application.Contract", "Ticketing.Application.Contract\Ticketing.Application.Contract.csproj", "{C46CD285-7500-4555-B4B6-6A944839AC81}"
EndProject
Project("{FAE04EC0-301F-11D3-BF4B-00C04F79EFBC}") = "Ticketing.Application", "Ticketing.Application\Ticketing.Application.csproj", "{DB2C3ED2-4DCA-4C8B-B28A-C0892BA565C1}"
EndProject
Project("{2150E333-8FDC-42A3-9474-1A3956D46DE8}") = "Interface", "Interface", "{6B0E6C73-E416-44E2-97D2-078B1CD151FA}"
EndProject
Project("{FAE04EC0-301F-11D3-BF4B-00C04F79EFBC}") = "Ticketing.Interface.RestApi", "Ticketing.Interface.RestApi\Ticketing.Interface.RestApi.csproj", "{60CDF68A-12F6-493A-8112-0A7E42201141}"
EndProject
Project("{FAE04EC0-301F-11D3-BF4B-00C04F79EFBC}") = "Ticketing.Config", "Ticketing.Config\Ticketing.Config.csproj", "{5B82ABB6-A876-4D04-B9B1-7F6300AFE4A9}"
EndProject
Project("{FAE04EC0-301F-11D3-BF4B-00C04F79EFBC}") = "Framework.Core", "Framework.Core\Framework.Core.csproj", "{3BB5EC68-04F2-4561-91B3-A4952064098E}"
EndProject
Project("{FAE04EC0-301F-11D3-BF4B-00C04F79EFBC}") = "Framework.DataAccess.EF", "Framework.DataAccess.EF\Framework.DataAccess.EF.csproj", "{262DA4F7-F33F-4FAF-AEE3-C478FDBD75D8}"
EndProject
Project("{FAE04EC0-301F-11D3-BF4B-00C04F79EFBC}") = "Framework.CastleWindsor", "Framework.CastleWindsor\Framework.CastleWindsor.csproj", "{793A4D03-38BD-49CD-991C-10482A9D8F68}"
EndProject
Project("{FAE04EC0-301F-11D3-BF4B-00C04F79EFBC}") = "Ticketing.Application.UnitTest", "Ticketing.Application.UnitTest\Ticketing.Application.UnitTest.csproj", "{919937AB-85CE-43C5-82BC-9743E5E4CAB6}"
EndProject
Project("{FAE04EC0-301F-11D3-BF4B-00C04F79EFBC}") = "Framework.Testing", "Framework.Testing\Framework.Testing.csproj", "{4CE38C39-A2A6-49C3-8DC5-858857DF11F9}"
EndProject
Project("{FAE04EC0-301F-11D3-BF4B-00C04F79EFBC}") = "Ticketing.Interface.WebUI", "Ticketing.Interface.WebUI\Ticketing.Interface.WebUI.csproj", "{D146DAB7-AC3D-480C-BB9F-3B686CBFF4D3}"
EndProject
Global
	GlobalSection(SolutionConfigurationPlatforms) = preSolution
		Debug|Any CPU = Debug|Any CPU
		Release|Any CPU = Release|Any CPU
	EndGlobalSection
	GlobalSection(ProjectConfigurationPlatforms) = postSolution
		{245E050E-97BC-49F0-ACD9-140B7D571400}.Debug|Any CPU.ActiveCfg = Debug|Any CPU
		{245E050E-97BC-49F0-ACD9-140B7D571400}.Debug|Any CPU.Build.0 = Debug|Any CPU
		{245E050E-97BC-49F0-ACD9-140B7D571400}.Release|Any CPU.ActiveCfg = Release|Any CPU
		{245E050E-97BC-49F0-ACD9-140B7D571400}.Release|Any CPU.Build.0 = Release|Any CPU
		{C412B00F-F59C-493A-9BBC-58074F8A07C1}.Debug|Any CPU.ActiveCfg = Debug|Any CPU
		{C412B00F-F59C-493A-9BBC-58074F8A07C1}.Debug|Any CPU.Build.0 = Debug|Any CPU
		{C412B00F-F59C-493A-9BBC-58074F8A07C1}.Release|Any CPU.ActiveCfg = Release|Any CPU
		{C412B00F-F59C-493A-9BBC-58074F8A07C1}.Release|Any CPU.Build.0 = Release|Any CPU
		{8153374B-2DBC-4605-9298-F50CF5BCD8FA}.Debug|Any CPU.ActiveCfg = Debug|Any CPU
		{8153374B-2DBC-4605-9298-F50CF5BCD8FA}.Debug|Any CPU.Build.0 = Debug|Any CPU
		{8153374B-2DBC-4605-9298-F50CF5BCD8FA}.Release|Any CPU.ActiveCfg = Release|Any CPU
		{8153374B-2DBC-4605-9298-F50CF5BCD8FA}.Release|Any CPU.Build.0 = Release|Any CPU
		{C46CD285-7500-4555-B4B6-6A944839AC81}.Debug|Any CPU.ActiveCfg = Debug|Any CPU
		{C46CD285-7500-4555-B4B6-6A944839AC81}.Debug|Any CPU.Build.0 = Debug|Any CPU
		{C46CD285-7500-4555-B4B6-6A944839AC81}.Release|Any CPU.ActiveCfg = Release|Any CPU
		{C46CD285-7500-4555-B4B6-6A944839AC81}.Release|Any CPU.Build.0 = Release|Any CPU
		{DB2C3ED2-4DCA-4C8B-B28A-C0892BA565C1}.Debug|Any CPU.ActiveCfg = Debug|Any CPU
		{DB2C3ED2-4DCA-4C8B-B28A-C0892BA565C1}.Debug|Any CPU.Build.0 = Debug|Any CPU
		{DB2C3ED2-4DCA-4C8B-B28A-C0892BA565C1}.Release|Any CPU.ActiveCfg = Release|Any CPU
		{DB2C3ED2-4DCA-4C8B-B28A-C0892BA565C1}.Release|Any CPU.Build.0 = Release|Any CPU
		{60CDF68A-12F6-493A-8112-0A7E42201141}.Debug|Any CPU.ActiveCfg = Debug|Any CPU
		{60CDF68A-12F6-493A-8112-0A7E42201141}.Debug|Any CPU.Build.0 = Debug|Any CPU
		{60CDF68A-12F6-493A-8112-0A7E42201141}.Release|Any CPU.ActiveCfg = Release|Any CPU
		{60CDF68A-12F6-493A-8112-0A7E42201141}.Release|Any CPU.Build.0 = Release|Any CPU
		{5B82ABB6-A876-4D04-B9B1-7F6300AFE4A9}.Debug|Any CPU.ActiveCfg = Debug|Any CPU
		{5B82ABB6-A876-4D04-B9B1-7F6300AFE4A9}.Debug|Any CPU.Build.0 = Debug|Any CPU
		{5B82ABB6-A876-4D04-B9B1-7F6300AFE4A9}.Release|Any CPU.ActiveCfg = Release|Any CPU
		{5B82ABB6-A876-4D04-B9B1-7F6300AFE4A9}.Release|Any CPU.Build.0 = Release|Any CPU
		{3BB5EC68-04F2-4561-91B3-A4952064098E}.Debug|Any CPU.ActiveCfg = Debug|Any CPU
		{3BB5EC68-04F2-4561-91B3-A4952064098E}.Debug|Any CPU.Build.0 = Debug|Any CPU
		{3BB5EC68-04F2-4561-91B3-A4952064098E}.Release|Any CPU.ActiveCfg = Release|Any CPU
		{3BB5EC68-04F2-4561-91B3-A4952064098E}.Release|Any CPU.Build.0 = Release|Any CPU
		{262DA4F7-F33F-4FAF-AEE3-C478FDBD75D8}.Debug|Any CPU.ActiveCfg = Debug|Any CPU
		{262DA4F7-F33F-4FAF-AEE3-C478FDBD75D8}.Debug|Any CPU.Build.0 = Debug|Any CPU
		{262DA4F7-F33F-4FAF-AEE3-C478FDBD75D8}.Release|Any CPU.ActiveCfg = Release|Any CPU
		{262DA4F7-F33F-4FAF-AEE3-C478FDBD75D8}.Release|Any CPU.Build.0 = Release|Any CPU
		{793A4D03-38BD-49CD-991C-10482A9D8F68}.Debug|Any CPU.ActiveCfg = Debug|Any CPU
		{793A4D03-38BD-49CD-991C-10482A9D8F68}.Debug|Any CPU.Build.0 = Debug|Any CPU
		{793A4D03-38BD-49CD-991C-10482A9D8F68}.Release|Any CPU.ActiveCfg = Release|Any CPU
		{793A4D03-38BD-49CD-991C-10482A9D8F68}.Release|Any CPU.Build.0 = Release|Any CPU
		{919937AB-85CE-43C5-82BC-9743E5E4CAB6}.Debug|Any CPU.ActiveCfg = Debug|Any CPU
		{919937AB-85CE-43C5-82BC-9743E5E4CAB6}.Debug|Any CPU.Build.0 = Debug|Any CPU
		{919937AB-85CE-43C5-82BC-9743E5E4CAB6}.Release|Any CPU.ActiveCfg = Release|Any CPU
		{919937AB-85CE-43C5-82BC-9743E5E4CAB6}.Release|Any CPU.Build.0 = Release|Any CPU
		{4CE38C39-A2A6-49C3-8DC5-858857DF11F9}.Debug|Any CPU.ActiveCfg = Debug|Any CPU
		{4CE38C39-A2A6-49C3-8DC5-858857DF11F9}.Debug|Any CPU.Build.0 = Debug|Any CPU
		{4CE38C39-A2A6-49C3-8DC5-858857DF11F9}.Release|Any CPU.ActiveCfg = Release|Any CPU
		{4CE38C39-A2A6-49C3-8DC5-858857DF11F9}.Release|Any CPU.Build.0 = Release|Any CPU
		{D146DAB7-AC3D-480C-BB9F-3B686CBFF4D3}.Debug|Any CPU.ActiveCfg = Debug|Any CPU
		{D146DAB7-AC3D-480C-BB9F-3B686CBFF4D3}.Debug|Any CPU.Build.0 = Debug|Any CPU
		{D146DAB7-AC3D-480C-BB9F-3B686CBFF4D3}.Release|Any CPU.ActiveCfg = Release|Any CPU
		{D146DAB7-AC3D-480C-BB9F-3B686CBFF4D3}.Release|Any CPU.Build.0 = Release|Any CPU
	EndGlobalSection
	GlobalSection(SolutionProperties) = preSolution
		HideSolutionNode = FALSE
	EndGlobalSection
	GlobalSection(NestedProjects) = preSolution
		{C70560DA-E827-47AC-AFD8-4A3F8A912E6B} = {EE394A1A-5BAA-456A-AE2F-A6BAEF1A2A75}
		{F3BCA702-9D30-40F1-AF77-945A2F91F0F3} = {EE394A1A-5BAA-456A-AE2F-A6BAEF1A2A75}
		{F5CDFC09-E097-4736-A82C-8E5315F65D49} = {EE394A1A-5BAA-456A-AE2F-A6BAEF1A2A75}
		{245E050E-97BC-49F0-ACD9-140B7D571400} = {C70560DA-E827-47AC-AFD8-4A3F8A912E6B}
		{C412B00F-F59C-493A-9BBC-58074F8A07C1} = {D9580399-A81A-425C-ABFA-BF9B56F8DC93}
		{8153374B-2DBC-4605-9298-F50CF5BCD8FA} = {F5CDFC09-E097-4736-A82C-8E5315F65D49}
		{C46CD285-7500-4555-B4B6-6A944839AC81} = {F3BCA702-9D30-40F1-AF77-945A2F91F0F3}
		{DB2C3ED2-4DCA-4C8B-B28A-C0892BA565C1} = {F3BCA702-9D30-40F1-AF77-945A2F91F0F3}
		{6B0E6C73-E416-44E2-97D2-078B1CD151FA} = {EE394A1A-5BAA-456A-AE2F-A6BAEF1A2A75}
		{60CDF68A-12F6-493A-8112-0A7E42201141} = {6B0E6C73-E416-44E2-97D2-078B1CD151FA}
		{5B82ABB6-A876-4D04-B9B1-7F6300AFE4A9} = {F5CDFC09-E097-4736-A82C-8E5315F65D49}
		{3BB5EC68-04F2-4561-91B3-A4952064098E} = {D9580399-A81A-425C-ABFA-BF9B56F8DC93}
		{262DA4F7-F33F-4FAF-AEE3-C478FDBD75D8} = {D9580399-A81A-425C-ABFA-BF9B56F8DC93}
		{793A4D03-38BD-49CD-991C-10482A9D8F68} = {D9580399-A81A-425C-ABFA-BF9B56F8DC93}
		{919937AB-85CE-43C5-82BC-9743E5E4CAB6} = {F3BCA702-9D30-40F1-AF77-945A2F91F0F3}
		{4CE38C39-A2A6-49C3-8DC5-858857DF11F9} = {D9580399-A81A-425C-ABFA-BF9B56F8DC93}
		{D146DAB7-AC3D-480C-BB9F-3B686CBFF4D3} = {6B0E6C73-E416-44E2-97D2-078B1CD151FA}
	EndGlobalSection
EndGlobal
